
Microsoft Visual Studio Solution File, Format Version 12.00
# Visual Studio Version 16
VisualStudioVersion = 16.0.31424.327
MinimumVisualStudioVersion = 10.0.40219.1
Project("{FAE04EC0-301F-11D3-BF4B-00C04F79EFBC}") = "PocketObservatoryLibrary", "PocketObservatoryLibrary\PocketObservatoryLibrary.csproj", "{54BA7C61-B9E3-48BE-9051-FAD4F7BAF7FF}"
EndProject
Global
	GlobalSection(SolutionConfigurationPlatforms) = preSolution
		Debug|Any CPU = Debug|Any CPU
		Release|Any CPU = Release|Any CPU
	EndGlobalSection
	GlobalSection(ProjectConfigurationPlatforms) = postSolution
		{54BA7C61-B9E3-48BE-9051-FAD4F7BAF7FF}.Debug|Any CPU.ActiveCfg = Debug|Any CPU
		{54BA7C61-B9E3-48BE-9051-FAD4F7BAF7FF}.Debug|Any CPU.Build.0 = Debug|Any CPU
		{54BA7C61-B9E3-48BE-9051-FAD4F7BAF7FF}.Release|Any CPU.ActiveCfg = Release|Any CPU
		{54BA7C61-B9E3-48BE-9051-FAD4F7BAF7FF}.Release|Any CPU.Build.0 = Release|Any CPU
	EndGlobalSection
	GlobalSection(SolutionProperties) = preSolution
		HideSolutionNode = FALSE
	EndGlobalSection
	GlobalSection(ExtensibilityGlobals) = postSolution
		SolutionGuid = {D98CC7DD-D954-49FF-AEF8-0A65E343B32F}
	EndGlobalSection
EndGlobal
